
Microsoft Visual Studio Solution File, Format Version 12.00
# Visual Studio Version 17
VisualStudioVersion = 17.7.34031.279
MinimumVisualStudioVersion = 10.0.40219.1
Project("{FAE04EC0-301F-11D3-BF4B-00C04F79EFBC}") = "ReactProj", "ReactProj\ReactProj.csproj", "{FF8A588C-751E-4B93-B846-33118917AAD1}"
EndProject
Project("{FAE04EC0-301F-11D3-BF4B-00C04F79EFBC}") = "TestCode", "TestCode\TestCode.csproj", "{C31802B7-63A3-44A3-BA90-B9BA95111D9B}"
EndProject
Project("{FAE04EC0-301F-11D3-BF4B-00C04F79EFBC}") = "BlazorApp1", "..\WebApplication2\BlazorApp1\BlazorApp1.csproj", "{ACA3E415-C5E4-0BB7-A824-870FFCD5B991}"
EndProject
Global
	GlobalSection(SolutionConfigurationPlatforms) = preSolution
		Debug|Any CPU = Debug|Any CPU
		Release|Any CPU = Release|Any CPU
	EndGlobalSection
	GlobalSection(ProjectConfigurationPlatforms) = postSolution
		{FF8A588C-751E-4B93-B846-33118917AAD1}.Debug|Any CPU.ActiveCfg = Debug|Any CPU
		{FF8A588C-751E-4B93-B846-33118917AAD1}.Debug|Any CPU.Build.0 = Debug|Any CPU
		{FF8A588C-751E-4B93-B846-33118917AAD1}.Release|Any CPU.ActiveCfg = Release|Any CPU
		{FF8A588C-751E-4B93-B846-33118917AAD1}.Release|Any CPU.Build.0 = Release|Any CPU
		{C31802B7-63A3-44A3-BA90-B9BA95111D9B}.Debug|Any CPU.ActiveCfg = Debug|Any CPU
		{C31802B7-63A3-44A3-BA90-B9BA95111D9B}.Debug|Any CPU.Build.0 = Debug|Any CPU
		{C31802B7-63A3-44A3-BA90-B9BA95111D9B}.Release|Any CPU.ActiveCfg = Release|Any CPU
		{C31802B7-63A3-44A3-BA90-B9BA95111D9B}.Release|Any CPU.Build.0 = Release|Any CPU
		{ACA3E415-C5E4-0BB7-A824-870FFCD5B991}.Debug|Any CPU.ActiveCfg = Debug|Any CPU
		{ACA3E415-C5E4-0BB7-A824-870FFCD5B991}.Debug|Any CPU.Build.0 = Debug|Any CPU
		{ACA3E415-C5E4-0BB7-A824-870FFCD5B991}.Release|Any CPU.ActiveCfg = Release|Any CPU
		{ACA3E415-C5E4-0BB7-A824-870FFCD5B991}.Release|Any CPU.Build.0 = Release|Any CPU
	EndGlobalSection
	GlobalSection(SolutionProperties) = preSolution
		HideSolutionNode = FALSE
	EndGlobalSection
	GlobalSection(ExtensibilityGlobals) = postSolution
		SolutionGuid = {426168AF-A175-4972-BE5A-DC0A34F38D3E}
	EndGlobalSection
EndGlobal
